
Microsoft Visual Studio Solution File, Format Version 12.00
# Visual Studio Version 16
VisualStudioVersion = 16.0.30621.155
MinimumVisualStudioVersion = 10.0.40219.1
Project("{FAE04EC0-301F-11D3-BF4B-00C04F79EFBC}") = "Assignment4_partylist", "Assignment4_partylist.csproj", "{E693EDDF-0C55-4EEC-BB89-715B1CAD2CC9}"
EndProject
Global
	GlobalSection(SolutionConfigurationPlatforms) = preSolution
		Debug|Any CPU = Debug|Any CPU
		Release|Any CPU = Release|Any CPU
	EndGlobalSection
	GlobalSection(ProjectConfigurationPlatforms) = postSolution
		{E693EDDF-0C55-4EEC-BB89-715B1CAD2CC9}.Debug|Any CPU.ActiveCfg = Debug|Any CPU
		{E693EDDF-0C55-4EEC-BB89-715B1CAD2CC9}.Debug|Any CPU.Build.0 = Debug|Any CPU
		{E693EDDF-0C55-4EEC-BB89-715B1CAD2CC9}.Release|Any CPU.ActiveCfg = Release|Any CPU
		{E693EDDF-0C55-4EEC-BB89-715B1CAD2CC9}.Release|Any CPU.Build.0 = Release|Any CPU
	EndGlobalSection
	GlobalSection(SolutionProperties) = preSolution
		HideSolutionNode = FALSE
	EndGlobalSection
	GlobalSection(ExtensibilityGlobals) = postSolution
		SolutionGuid = {87779F3E-BFA5-40B0-A12C-735065B733BA}
	EndGlobalSection
EndGlobal
